
Microsoft Visual Studio Solution File, Format Version 12.00
# Visual Studio Version 17
VisualStudioVersion = 17.14.36705.20 d17.14
MinimumVisualStudioVersion = 10.0.40219.1
Project("{888888A0-9F3D-457C-B088-3A5042F75D52}") = "BottleWebProject_С326_2_RPG", "BottleWebProject_С326_2_RPG\BottleWebProject_С326_2_RPG.pyproj", "{1EFB024A-65A6-4B4E-B7F9-F5E77D16CBEE}"
EndProject
Global
	GlobalSection(SolutionConfigurationPlatforms) = preSolution
		Debug|Any CPU = Debug|Any CPU
		Release|Any CPU = Release|Any CPU
	EndGlobalSection
	GlobalSection(ProjectConfigurationPlatforms) = postSolution
		{1EFB024A-65A6-4B4E-B7F9-F5E77D16CBEE}.Debug|Any CPU.ActiveCfg = Debug|Any CPU
		{1EFB024A-65A6-4B4E-B7F9-F5E77D16CBEE}.Debug|Any CPU.Build.0 = Debug|Any CPU
		{1EFB024A-65A6-4B4E-B7F9-F5E77D16CBEE}.Release|Any CPU.ActiveCfg = Release|Any CPU
		{1EFB024A-65A6-4B4E-B7F9-F5E77D16CBEE}.Release|Any CPU.Build.0 = Release|Any CPU
	EndGlobalSection
	GlobalSection(SolutionProperties) = preSolution
		HideSolutionNode = FALSE
	EndGlobalSection
	GlobalSection(ExtensibilityGlobals) = postSolution
		SolutionGuid = {D785BA27-2CE9-480E-AB5F-1C79EC3E3B48}
	EndGlobalSection
EndGlobal
